// !$*UTF8*$!
{
	archiveVersion = 1;
	classes = {
	};
	objectVersion = 50;
	objects = {

/* Begin PBXBuildFile section */
		0FA36A872110635C00B8DE96 /* AppDelegate.m in Sources */ = {isa = PBXBuildFile; fileRef = 0FA36A862110635C00B8DE96 /* AppDelegate.m */; };
		0FA36A8A2110635C00B8DE96 /* ViewController.m in Sources */ = {isa = PBXBuildFile; fileRef = 0FA36A892110635C00B8DE96 /* ViewController.m */; };
		0FA36A8D2110635C00B8DE96 /* Main.storyboard in Resources */ = {isa = PBXBuildFile; fileRef = 0FA36A8B2110635C00B8DE96 /* Main.storyboard */; };
		0FA36A8F2110635D00B8DE96 /* Assets.xcassets in Resources */ = {isa = PBXBuildFile; fileRef = 0FA36A8E2110635D00B8DE96 /* Assets.xcassets */; };
		0FA36A922110635D00B8DE96 /* LaunchScreen.storyboard in Resources */ = {isa = PBXBuildFile; fileRef = 0FA36A902110635D00B8DE96 /* LaunchScreen.storyboard */; };
		0FA36A952110635D00B8DE96 /* main.m in Sources */ = {isa = PBXBuildFile; fileRef = 0FA36A942110635D00B8DE96 /* main.m */; };
		0FA36A9F2110635D00B8DE96 /* CoreTextTests.m in Sources */ = {isa = PBXBuildFile; fileRef = 0FA36A9E2110635D00B8DE96 /* CoreTextTests.m */; };
		0FA36AAA2110635D00B8DE96 /* CoreTextUITests.m in Sources */ = {isa = PBXBuildFile; fileRef = 0FA36AA92110635D00B8DE96 /* CoreTextUITests.m */; };
		0FA36ABE2111863D00B8DE96 /* UIView+VLAdditions.m in Sources */ = {isa = PBXBuildFile; fileRef = 0FA36ABD2111863D00B8DE96 /* UIView+VLAdditions.m */; };
		0FA36AC321118A0D00B8DE96 /* CTDisplayView.m in Sources */ = {isa = PBXBuildFile; fileRef = 0FA36AC221118A0D00B8DE96 /* CTDisplayView.m */; };
		0FA36AC621118A2A00B8DE96 /* CTFrameParserConfig.m in Sources */ = {isa = PBXBuildFile; fileRef = 0FA36AC521118A2A00B8DE96 /* CTFrameParserConfig.m */; };
		0FA36AC921118DA400B8DE96 /* CTFrameParser.m in Sources */ = {isa = PBXBuildFile; fileRef = 0FA36AC821118DA400B8DE96 /* CTFrameParser.m */; };
		0FA36ACC21118DC600B8DE96 /* CoreTextData.m in Sources */ = {isa = PBXBuildFile; fileRef = 0FA36ACB21118DC600B8DE96 /* CoreTextData.m */; };
/* End PBXBuildFile section */

/* Begin PBXContainerItemProxy section */
		0FA36A9B2110635D00B8DE96 /* PBXContainerItemProxy */ = {
			isa = PBXContainerItemProxy;
			containerPortal = 0FA36A7A2110635C00B8DE96 /* Project object */;
			proxyType = 1;
			remoteGlobalIDString = 0FA36A812110635C00B8DE96;
			remoteInfo = CoreText;
		};
		0FA36AA62110635D00B8DE96 /* PBXContainerItemProxy */ = {
			isa = PBXContainerItemProxy;
			containerPortal = 0FA36A7A2110635C00B8DE96 /* Project object */;
			proxyType = 1;
			remoteGlobalIDString = 0FA36A812110635C00B8DE96;
			remoteInfo = CoreText;
		};
/* End PBXContainerItemProxy section */

/* Begin PBXFileReference section */
		0FA36A822110635C00B8DE96 /* CoreText.app */ = {isa = PBXFileReference; explicitFileType = wrapper.application; includeInIndex = 0; path = CoreText.app; sourceTree = BUILT_PRODUCTS_DIR; };
		0FA36A852110635C00B8DE96 /* AppDelegate.h */ = {isa = PBXFileReference; lastKnownFileType = sourcecode.c.h; path = AppDelegate.h; sourceTree = "<group>"; };
		0FA36A862110635C00B8DE96 /* AppDelegate.m */ = {isa = PBXFileReference; lastKnownFileType = sourcecode.c.objc; path = AppDelegate.m; sourceTree = "<group>"; };
		0FA36A882110635C00B8DE96 /* ViewController.h */ = {isa = PBXFileReference; lastKnownFileType = sourcecode.c.h; path = ViewController.h; sourceTree = "<group>"; };
		0FA36A892110635C00B8DE96 /* ViewController.m */ = {isa = PBXFileReference; lastKnownFileType = sourcecode.c.objc; path = ViewController.m; sourceTree = "<group>"; };
		0FA36A8C2110635C00B8DE96 /* Base */ = {isa = PBXFileReference; lastKnownFileType = file.storyboard; name = Base; path = Base.lproj/Main.storyboard; sourceTree = "<group>"; };
		0FA36A8E2110635D00B8DE96 /* Assets.xcassets */ = {isa = PBXFileReference; lastKnownFileType = folder.assetcatalog; path = Assets.xcassets; sourceTree = "<group>"; };
		0FA36A912110635D00B8DE96 /* Base */ = {isa = PBXFileReference; lastKnownFileType = file.storyboard; name = Base; path = Base.lproj/LaunchScreen.storyboard; sourceTree = "<group>"; };
		0FA36A932110635D00B8DE96 /* Info.plist */ = {isa = PBXFileReference; lastKnownFileType = text.plist.xml; path = Info.plist; sourceTree = "<group>"; };
		0FA36A942110635D00B8DE96 /* main.m */ = {isa = PBXFileReference; lastKnownFileType = sourcecode.c.objc; path = main.m; sourceTree = "<group>"; };
		0FA36A9A2110635D00B8DE96 /* CoreTextTests.xctest */ = {isa = PBXFileReference; explicitFileType = wrapper.cfbundle; includeInIndex = 0; path = CoreTextTests.xctest; sourceTree = BUILT_PRODUCTS_DIR; };
		0FA36A9E2110635D00B8DE96 /* CoreTextTests.m */ = {isa = PBXFileReference; lastKnownFileType = sourcecode.c.objc; path = CoreTextTests.m; sourceTree = "<group>"; };
		0FA36AA02110635D00B8DE96 /* Info.plist */ = {isa = PBXFileReference; lastKnownFileType = text.plist.xml; path = Info.plist; sourceTree = "<group>"; };
		0FA36AA52110635D00B8DE96 /* CoreTextUITests.xctest */ = {isa = PBXFileReference; explicitFileType = wrapper.cfbundle; includeInIndex = 0; path = CoreTextUITests.xctest; sourceTree = BUILT_PRODUCTS_DIR; };
		0FA36AA92110635D00B8DE96 /* CoreTextUITests.m */ = {isa = PBXFileReference; lastKnownFileType = sourcecode.c.objc; path = CoreTextUITests.m; sourceTree = "<group>"; };
		0FA36AAB2110635D00B8DE96 /* Info.plist */ = {isa = PBXFileReference; lastKnownFileType = text.plist.xml; path = Info.plist; sourceTree = "<group>"; };
		0FA36ABC2111863D00B8DE96 /* UIView+VLAdditions.h */ = {isa = PBXFileReference; fileEncoding = 4; lastKnownFileType = sourcecode.c.h; path = "UIView+VLAdditions.h"; sourceTree = "<group>"; };
		0FA36ABD2111863D00B8DE96 /* UIView+VLAdditions.m */ = {isa = PBXFileReference; fileEncoding = 4; lastKnownFileType = sourcecode.c.objc; path = "UIView+VLAdditions.m"; sourceTree = "<group>"; };
		0FA36ABF211187AF00B8DE96 /* PrefixHeader.pch */ = {isa = PBXFileReference; lastKnownFileType = sourcecode.c.h; path = PrefixHeader.pch; sourceTree = "<group>"; };
		0FA36AC121118A0D00B8DE96 /* CTDisplayView.h */ = {isa = PBXFileReference; fileEncoding = 4; lastKnownFileType = sourcecode.c.h; path = CTDisplayView.h; sourceTree = "<group>"; };
		0FA36AC221118A0D00B8DE96 /* CTDisplayView.m */ = {isa = PBXFileReference; fileEncoding = 4; lastKnownFileType = sourcecode.c.objc; path = CTDisplayView.m; sourceTree = "<group>"; };
		0FA36AC421118A2A00B8DE96 /* CTFrameParserConfig.h */ = {isa = PBXFileReference; lastKnownFileType = sourcecode.c.h; path = CTFrameParserConfig.h; sourceTree = "<group>"; };
		0FA36AC521118A2A00B8DE96 /* CTFrameParserConfig.m */ = {isa = PBXFileReference; lastKnownFileType = sourcecode.c.objc; path = CTFrameParserConfig.m; sourceTree = "<group>"; };
		0FA36AC721118DA400B8DE96 /* CTFrameParser.h */ = {isa = PBXFileReference; lastKnownFileType = sourcecode.c.h; path = CTFrameParser.h; sourceTree = "<group>"; };
		0FA36AC821118DA400B8DE96 /* CTFrameParser.m */ = {isa = PBXFileReference; lastKnownFileType = sourcecode.c.objc; path = CTFrameParser.m; sourceTree = "<group>"; };
		0FA36ACA21118DC600B8DE96 /* CoreTextData.h */ = {isa = PBXFileReference; lastKnownFileType = sourcecode.c.h; path = CoreTextData.h; sourceTree = "<group>"; };
		0FA36ACB21118DC600B8DE96 /* CoreTextData.m */ = {isa = PBXFileReference; lastKnownFileType = sourcecode.c.objc; path = CoreTextData.m; sourceTree = "<group>"; };
/* End PBXFileReference section */

/* Begin PBXFrameworksBuildPhase section */
		0FA36A7F2110635C00B8DE96 /* Frameworks */ = {
			isa = PBXFrameworksBuildPhase;
			buildActionMask = 2147483647;
			files = (
			);
			runOnlyForDeploymentPostprocessing = 0;
		};
		0FA36A972110635D00B8DE96 /* Frameworks */ = {
			isa = PBXFrameworksBuildPhase;
			buildActionMask = 2147483647;
			files = (
			);
			runOnlyForDeploymentPostprocessing = 0;
		};
		0FA36AA22110635D00B8DE96 /* Frameworks */ = {
			isa = PBXFrameworksBuildPhase;
			buildActionMask = 2147483647;
			files = (
			);
			runOnlyForDeploymentPostprocessing = 0;
		};
/* End PBXFrameworksBuildPhase section */

/* Begin PBXGroup section */
		0FA36A792110635C00B8DE96 = {
			isa = PBXGroup;
			children = (
				0FA36A842110635C00B8DE96 /* CoreText */,
				0FA36A9D2110635D00B8DE96 /* CoreTextTests */,
				0FA36AA82110635D00B8DE96 /* CoreTextUITests */,
				0FA36A832110635C00B8DE96 /* Products */,
			);
			sourceTree = "<group>";
		};
		0FA36A832110635C00B8DE96 /* Products */ = {
			isa = PBXGroup;
			children = (
				0FA36A822110635C00B8DE96 /* CoreText.app */,
				0FA36A9A2110635D00B8DE96 /* CoreTextTests.xctest */,
				0FA36AA52110635D00B8DE96 /* CoreTextUITests.xctest */,
			);
			name = Products;
			sourceTree = "<group>";
		};
		0FA36A842110635C00B8DE96 /* CoreText */ = {
			isa = PBXGroup;
			children = (
				0FA36A852110635C00B8DE96 /* AppDelegate.h */,
				0FA36A862110635C00B8DE96 /* AppDelegate.m */,
				0FA36AC0211189FD00B8DE96 /* core */,
				0FA36A882110635C00B8DE96 /* ViewController.h */,
				0FA36A892110635C00B8DE96 /* ViewController.m */,
				0FA36ABC2111863D00B8DE96 /* UIView+VLAdditions.h */,
				0FA36ABD2111863D00B8DE96 /* UIView+VLAdditions.m */,
				0FA36A8B2110635C00B8DE96 /* Main.storyboard */,
				0FA36A8E2110635D00B8DE96 /* Assets.xcassets */,
				0FA36A902110635D00B8DE96 /* LaunchScreen.storyboard */,
				0FA36A932110635D00B8DE96 /* Info.plist */,
				0FA36A942110635D00B8DE96 /* main.m */,
				0FA36ABF211187AF00B8DE96 /* PrefixHeader.pch */,
			);
			path = CoreText;
			sourceTree = "<group>";
		};
		0FA36A9D2110635D00B8DE96 /* CoreTextTests */ = {
			isa = PBXGroup;
			children = (
				0FA36A9E2110635D00B8DE96 /* CoreTextTests.m */,
				0FA36AA02110635D00B8DE96 /* Info.plist */,
			);
			path = CoreTextTests;
			sourceTree = "<group>";
		};
		0FA36AA82110635D00B8DE96 /* CoreTextUITests */ = {
			isa = PBXGroup;
			children = (
				0FA36AA92110635D00B8DE96 /* CoreTextUITests.m */,
				0FA36AAB2110635D00B8DE96 /* Info.plist */,
			);
			path = CoreTextUITests;
			sourceTree = "<group>";
		};
		0FA36AC0211189FD00B8DE96 /* core */ = {
			isa = PBXGroup;
			children = (
				0FA36AC121118A0D00B8DE96 /* CTDisplayView.h */,
				0FA36AC221118A0D00B8DE96 /* CTDisplayView.m */,
				0FA36AC421118A2A00B8DE96 /* CTFrameParserConfig.h */,
				0FA36AC521118A2A00B8DE96 /* CTFrameParserConfig.m */,
				0FA36AC721118DA400B8DE96 /* CTFrameParser.h */,
				0FA36AC821118DA400B8DE96 /* CTFrameParser.m */,
				0FA36ACA21118DC600B8DE96 /* CoreTextData.h */,
				0FA36ACB21118DC600B8DE96 /* CoreTextData.m */,
			);
			path = core;
			sourceTree = "<group>";
		};
/* End PBXGroup section */

/* Begin PBXNativeTarget section */
		0FA36A812110635C00B8DE96 /* CoreText */ = {
			isa = PBXNativeTarget;
			buildConfigurationList = 0FA36AAE2110635D00B8DE96 /* Build configuration list for PBXNativeTarget "CoreText" */;
			buildPhases = (
				0FA36A7E2110635C00B8DE96 /* Sources */,
				0FA36A7F2110635C00B8DE96 /* Frameworks */,
				0FA36A802110635C00B8DE96 /* Resources */,
			);
			buildRules = (
			);
			dependencies = (
			);
			name = CoreText;
			productName = CoreText;
			productReference = 0FA36A822110635C00B8DE96 /* CoreText.app */;
			productType = "com.apple.product-type.application";
		};
		0FA36A992110635D00B8DE96 /* CoreTextTests */ = {
			isa = PBXNativeTarget;
			buildConfigurationList = 0FA36AB12110635D00B8DE96 /* Build configuration list for PBXNativeTarget "CoreTextTests" */;
			buildPhases = (
				0FA36A962110635D00B8DE96 /* Sources */,
				0FA36A972110635D00B8DE96 /* Frameworks */,
				0FA36A982110635D00B8DE96 /* Resources */,
			);
			buildRules = (
			);
			dependencies = (
				0FA36A9C2110635D00B8DE96 /* PBXTargetDependency */,
			);
			name = CoreTextTests;
			productName = CoreTextTests;
			productReference = 0FA36A9A2110635D00B8DE96 /* CoreTextTests.xctest */;
			productType = "com.apple.product-type.bundle.unit-test";
		};
		0FA36AA42110635D00B8DE96 /* CoreTextUITests */ = {
			isa = PBXNativeTarget;
			buildConfigurationList = 0FA36AB42110635D00B8DE96 /* Build configuration list for PBXNativeTarget "CoreTextUITests" */;
			buildPhases = (
				0FA36AA12110635D00B8DE96 /* Sources */,
				0FA36AA22110635D00B8DE96 /* Frameworks */,
				0FA36AA32110635D00B8DE96 /* Resources */,
			);
			buildRules = (
			);
			dependencies = (
				0FA36AA72110635D00B8DE96 /* PBXTargetDependency */,
			);
			name = CoreTextUITests;
			productName = CoreTextUITests;
			productReference = 0FA36AA52110635D00B8DE96 /* CoreTextUITests.xctest */;
			productType = "com.apple.product-type.bundle.ui-testing";
		};
/* End PBXNativeTarget section */

/* Begin PBXProject section */
		0FA36A7A2110635C00B8DE96 /* Project object */ = {
			isa = PBXProject;
			attributes = {
				LastUpgradeCheck = 0940;
				ORGANIZATIONNAME = "周卫东";
				TargetAttributes = {
					0FA36A812110635C00B8DE96 = {
						CreatedOnToolsVersion = 9.4.1;
					};
					0FA36A992110635D00B8DE96 = {
						CreatedOnToolsVersion = 9.4.1;
						TestTargetID = 0FA36A812110635C00B8DE96;
					};
					0FA36AA42110635D00B8DE96 = {
						CreatedOnToolsVersion = 9.4.1;
						TestTargetID = 0FA36A812110635C00B8DE96;
					};
				};
			};
			buildConfigurationList = 0FA36A7D2110635C00B8DE96 /* Build configuration list for PBXProject "CoreText" */;
			compatibilityVersion = "Xcode 9.3";
			developmentRegion = en;
			hasScannedForEncodings = 0;
			knownRegions = (
				en,
				Base,
			);
			mainGroup = 0FA36A792110635C00B8DE96;
			productRefGroup = 0FA36A832110635C00B8DE96 /* Products */;
			projectDirPath = "";
			projectRoot = "";
			targets = (
				0FA36A812110635C00B8DE96 /* CoreText */,
				0FA36A992110635D00B8DE96 /* CoreTextTests */,
				0FA36AA42110635D00B8DE96 /* CoreTextUITests */,
			);
		};
/* End PBXProject section */

/* Begin PBXResourcesBuildPhase section */
		0FA36A802110635C00B8DE96 /* Resources */ = {
			isa = PBXResourcesBuildPhase;
			buildActionMask = 2147483647;
			files = (
				0FA36A922110635D00B8DE96 /* LaunchScreen.storyboard in Resources */,
				0FA36A8F2110635D00B8DE96 /* Assets.xcassets in Resources */,
				0FA36A8D2110635C00B8DE96 /* Main.storyboard in Resources */,
			);
			runOnlyForDeploymentPostprocessing = 0;
		};
		0FA36A982110635D00B8DE96 /* Resources */ = {
			isa = PBXResourcesBuildPhase;
			buildActionMask = 2147483647;
			files = (
			);
			runOnlyForDeploymentPostprocessing = 0;
		};
		0FA36AA32110635D00B8DE96 /* Resources */ = {
			isa = PBXResourcesBuildPhase;
			buildActionMask = 2147483647;
			files = (
			);
			runOnlyForDeploymentPostprocessing = 0;
		};
/* End PBXResourcesBuildPhase section */

/* Begin PBXSourcesBuildPhase section */
		0FA36A7E2110635C00B8DE96 /* Sources */ = {
			isa = PBXSourcesBuildPhase;
			buildActionMask = 2147483647;
			files = (
				0FA36ABE2111863D00B8DE96 /* UIView+VLAdditions.m in Sources */,
				0FA36ACC21118DC600B8DE96 /* CoreTextData.m in Sources */,
				0FA36AC321118A0D00B8DE96 /* CTDisplayView.m in Sources */,
				0FA36A8A2110635C00B8DE96 /* ViewController.m in Sources */,
				0FA36A952110635D00B8DE96 /* main.m in Sources */,
				0FA36A872110635C00B8DE96 /* AppDelegate.m in Sources */,
				0FA36AC921118DA400B8DE96 /* CTFrameParser.m in Sources */,
				0FA36AC621118A2A00B8DE96 /* CTFrameParserConfig.m in Sources */,
			);
			runOnlyForDeploymentPostprocessing = 0;
		};
		0FA36A962110635D00B8DE96 /* Sources */ = {
			isa = PBXSourcesBuildPhase;
			buildActionMask = 2147483647;
			files = (
				0FA36A9F2110635D00B8DE96 /* CoreTextTests.m in Sources */,
			);
			runOnlyForDeploymentPostprocessing = 0;
		};
		0FA36AA12110635D00B8DE96 /* Sources */ = {
			isa = PBXSourcesBuildPhase;
			buildActionMask = 2147483647;
			files = (
				0FA36AAA2110635D00B8DE96 /* CoreTextUITests.m in Sources */,
			);
			runOnlyForDeploymentPostprocessing = 0;
		};
/* End PBXSourcesBuildPhase section */

/* Begin PBXTargetDependency section */
		0FA36A9C2110635D00B8DE96 /* PBXTargetDependency */ = {
			isa = PBXTargetDependency;
			target = 0FA36A812110635C00B8DE96 /* CoreText */;
			targetProxy = 0FA36A9B2110635D00B8DE96 /* PBXContainerItemProxy */;
		};
		0FA36AA72110635D00B8DE96 /* PBXTargetDependency */ = {
			isa = PBXTargetDependency;
			target = 0FA36A812110635C00B8DE96 /* CoreText */;
			targetProxy = 0FA36AA62110635D00B8DE96 /* PBXContainerItemProxy */;
		};
/* End PBXTargetDependency section */

/* Begin PBXVariantGroup section */
		0FA36A8B2110635C00B8DE96 /* Main.storyboard */ = {
			isa = PBXVariantGroup;
			children = (
				0FA36A8C2110635C00B8DE96 /* Base */,
			);
			name = Main.storyboard;
			sourceTree = "<group>";
		};
		0FA36A902110635D00B8DE96 /* LaunchScreen.storyboard */ = {
			isa = PBXVariantGroup;
			children = (
				0FA36A912110635D00B8DE96 /* Base */,
			);
			name = LaunchScreen.storyboard;
			sourceTree = "<group>";
		};
/* End PBXVariantGroup section */

/* Begin XCBuildConfiguration section */
		0FA36AAC2110635D00B8DE96 /* Debug */ = {
			isa = XCBuildConfiguration;
			buildSettings = {
				ALWAYS_SEARCH_USER_PATHS = NO;
				CLANG_ANALYZER_NONNULL = YES;
				CLANG_ANALYZER_NUMBER_OBJECT_CONVERSION = YES_AGGRESSIVE;
				CLANG_CXX_LANGUAGE_STANDARD = "gnu++14";
				CLANG_CXX_LIBRARY = "libc++";
				CLANG_ENABLE_MODULES = YES;
				CLANG_ENABLE_OBJC_ARC = YES;
				CLANG_ENABLE_OBJC_WEAK = YES;
				CLANG_WARN_BLOCK_CAPTURE_AUTORELEASING = YES;
				CLANG_WARN_BOOL_CONVERSION = YES;
				CLANG_WARN_COMMA = YES;
				CLANG_WARN_CONSTANT_CONVERSION = YES;
				CLANG_WARN_DEPRECATED_OBJC_IMPLEMENTATIONS = YES;
				CLANG_WARN_DIRECT_OBJC_ISA_USAGE = YES_ERROR;
				CLANG_WARN_DOCUMENTATION_COMMENTS = YES;
				CLANG_WARN_EMPTY_BODY = YES;
				CLANG_WARN_ENUM_CONVERSION = YES;
				CLANG_WARN_INFINITE_RECURSION = YES;
				CLANG_WARN_INT_CONVERSION = YES;
				CLANG_WARN_NON_LITERAL_NULL_CONVERSION = YES;
				CLANG_WARN_OBJC_IMPLICIT_RETAIN_SELF = YES;
				CLANG_WARN_OBJC_LITERAL_CONVERSION = YES;
				CLANG_WARN_OBJC_ROOT_CLASS = YES_ERROR;
				CLANG_WARN_RANGE_LOOP_ANALYSIS = YES;
				CLANG_WARN_STRICT_PROTOTYPES = YES;
				CLANG_WARN_SUSPICIOUS_MOVE = YES;
				CLANG_WARN_UNGUARDED_AVAILABILITY = YES_AGGRESSIVE;
				CLANG_WARN_UNREACHABLE_CODE = YES;
				CLANG_WARN__DUPLICATE_METHOD_MATCH = YES;
				CODE_SIGN_IDENTITY = "iPhone Developer";
				COPY_PHASE_STRIP = NO;
				DEBUG_INFORMATION_FORMAT = dwarf;
				ENABLE_STRICT_OBJC_MSGSEND = YES;
				ENABLE_TESTABILITY = YES;
				GCC_C_LANGUAGE_STANDARD = gnu11;
				GCC_DYNAMIC_NO_PIC = NO;
				GCC_NO_COMMON_BLOCKS = YES;
				GCC_OPTIMIZATION_LEVEL = 0;
				GCC_PREPROCESSOR_DEFINITIONS = (
					"DEBUG=1",
					"$(inherited)",
				);
				GCC_WARN_64_TO_32_BIT_CONVERSION = YES;
				GCC_WARN_ABOUT_RETURN_TYPE = YES_ERROR;
				GCC_WARN_UNDECLARED_SELECTOR = YES;
				GCC_WARN_UNINITIALIZED_AUTOS = YES_AGGRESSIVE;
				GCC_WARN_UNUSED_FUNCTION = YES;
				GCC_WARN_UNUSED_VARIABLE = YES;
				IPHONEOS_DEPLOYMENT_TARGET = 11.4;
				MTL_ENABLE_DEBUG_INFO = YES;
				ONLY_ACTIVE_ARCH = YES;
				SDKROOT = iphoneos;
			};
			name = Debug;
		};
		0FA36AAD2110635D00B8DE96 /* Release */ = {
			isa = XCBuildConfiguration;
			buildSettings = {
				ALWAYS_SEARCH_USER_PATHS = NO;
				CLANG_ANALYZER_NONNULL = YES;
				CLANG_ANALYZER_NUMBER_OBJECT_CONVERSION = YES_AGGRESSIVE;
				CLANG_CXX_LANGUAGE_STANDARD = "gnu++14";
				CLANG_CXX_LIBRARY = "libc++";
				CLANG_ENABLE_MODULES = YES;
				CLANG_ENABLE_OBJC_ARC = YES;
				CLANG_ENABLE_OBJC_WEAK = YES;
				CLANG_WARN_BLOCK_CAPTURE_AUTORELEASING = YES;
				CLANG_WARN_BOOL_CONVERSION = YES;
				CLANG_WARN_COMMA = YES;
				CLANG_WARN_CONSTANT_CONVERSION = YES;
				CLANG_WARN_DEPRECATED_OBJC_IMPLEMENTATIONS = YES;
				CLANG_WARN_DIRECT_OBJC_ISA_USAGE = YES_ERROR;
				CLANG_WARN_DOCUMENTATION_COMMENTS = YES;
				CLANG_WARN_EMPTY_BODY = YES;
				CLANG_WARN_ENUM_CONVERSION = YES;
				CLANG_WARN_INFINITE_RECURSION = YES;
				CLANG_WARN_INT_CONVERSION = YES;
				CLANG_WARN_NON_LITERAL_NULL_CONVERSION = YES;
				CLANG_WARN_OBJC_IMPLICIT_RETAIN_SELF = YES;
				CLANG_WARN_OBJC_LITERAL_CONVERSION = YES;
				CLANG_WARN_OBJC_ROOT_CLASS = YES_ERROR;
				CLANG_WARN_RANGE_LOOP_ANALYSIS = YES;
				CLANG_WARN_STRICT_PROTOTYPES = YES;
				CLANG_WARN_SUSPICIOUS_MOVE = YES;
				CLANG_WARN_UNGUARDED_AVAILABILITY = YES_AGGRESSIVE;
				CLANG_WARN_UNREACHABLE_CODE = YES;
				CLANG_WARN__DUPLICATE_METHOD_MATCH = YES;
				CODE_SIGN_IDENTITY = "iPhone Developer";
				COPY_PHASE_STRIP = NO;
				DEBUG_INFORMATION_FORMAT = "dwarf-with-dsym";
				ENABLE_NS_ASSERTIONS = NO;
				ENABLE_STRICT_OBJC_MSGSEND = YES;
				GCC_C_LANGUAGE_STANDARD = gnu11;
				GCC_NO_COMMON_BLOCKS = YES;
				GCC_WARN_64_TO_32_BIT_CONVERSION = YES;
				GCC_WARN_ABOUT_RETURN_TYPE = YES_ERROR;
				GCC_WARN_UNDECLARED_SELECTOR = YES;
				GCC_WARN_UNINITIALIZED_AUTOS = YES_AGGRESSIVE;
				GCC_WARN_UNUSED_FUNCTION = YES;
				GCC_WARN_UNUSED_VARIABLE = YES;
				IPHONEOS_DEPLOYMENT_TARGET = 11.4;
				MTL_ENABLE_DEBUG_INFO = NO;
				SDKROOT = iphoneos;
				VALIDATE_PRODUCT = YES;
			};
			name = Release;
		};
		0FA36AAF2110635D00B8DE96 /* Debug */ = {
			isa = XCBuildConfiguration;
			buildSettings = {
				ASSETCATALOG_COMPILER_APPICON_NAME = AppIcon;
				CODE_SIGN_STYLE = Automatic;
				GCC_PREFIX_HEADER = CoreText/PrefixHeader.pch;
				INFOPLIST_FILE = CoreText/Info.plist;
				LD_RUNPATH_SEARCH_PATHS = (
					"$(inherited)",
					"@executable_path/Frameworks",
				);
				PRODUCT_BUNDLE_IDENTIFIER = com.zhangyue.zwd.test1.CoreText;
				PRODUCT_NAME = "$(TARGET_NAME)";
				TARGETED_DEVICE_FAMILY = "1,2";
			};
			name = Debug;
		};
		0FA36AB02110635D00B8DE96 /* Release */ = {
			isa = XCBuildConfiguration;
			buildSettings = {
				ASSETCATALOG_COMPILER_APPICON_NAME = AppIcon;
				CODE_SIGN_STYLE = Automatic;
				GCC_PREFIX_HEADER = CoreText/PrefixHeader.pch;
				INFOPLIST_FILE = CoreText/Info.plist;
				LD_RUNPATH_SEARCH_PATHS = (
					"$(inherited)",
					"@executable_path/Frameworks",
				);
				PRODUCT_BUNDLE_IDENTIFIER = com.zhangyue.zwd.test1.CoreText;
				PRODUCT_NAME = "$(TARGET_NAME)";
				TARGETED_DEVICE_FAMILY = "1,2";
			};
			name = Release;
		};
		0FA36AB22110635D00B8DE96 /* Debug */ = {
			isa = XCBuildConfiguration;
			buildSettings = {
				BUNDLE_LOADER = "$(TEST_HOST)";
				CODE_SIGN_STYLE = Automatic;
				INFOPLIST_FILE = CoreTextTests/Info.plist;
				LD_RUNPATH_SEARCH_PATHS = (
					"$(inherited)",
					"@executable_path/Frameworks",
					"@loader_path/Frameworks",
				);
				PRODUCT_BUNDLE_IDENTIFIER = com.zhangyue.zwd.test1.CoreTextTests;
				PRODUCT_NAME = "$(TARGET_NAME)";
				TARGETED_DEVICE_FAMILY = "1,2";
				TEST_HOST = "$(BUILT_PRODUCTS_DIR)/CoreText.app/CoreText";
			};
			name = Debug;
		};
		0FA36AB32110635D00B8DE96 /* Release */ = {
			isa = XCBuildConfiguration;
			buildSettings = {
				BUNDLE_LOADER = "$(TEST_HOST)";
				CODE_SIGN_STYLE = Automatic;
				INFOPLIST_FILE = CoreTextTests/Info.plist;
				LD_RUNPATH_SEARCH_PATHS = (
					"$(inherited)",
					"@executable_path/Frameworks",
					"@loader_path/Frameworks",
				);
				PRODUCT_BUNDLE_IDENTIFIER = com.zhangyue.zwd.test1.CoreTextTests;
				PRODUCT_NAME = "$(TARGET_NAME)";
				TARGETED_DEVICE_FAMILY = "1,2";
				TEST_HOST = "$(BUILT_PRODUCTS_DIR)/CoreText.app/CoreText";
			};
			name = Release;
		};
		0FA36AB52110635D00B8DE96 /* Debug */ = {
			isa = XCBuildConfiguration;
			buildSettings = {
				CODE_SIGN_STYLE = Automatic;
				INFOPLIST_FILE = CoreTextUITests/Info.plist;
				LD_RUNPATH_SEARCH_PATHS = (
					"$(inherited)",
					"@executable_path/Frameworks",
					"@loader_path/Frameworks",
				);
				PRODUCT_BUNDLE_IDENTIFIER = com.zhangyue.zwd.test1.CoreTextUITests;
				PRODUCT_NAME = "$(TARGET_NAME)";
				TARGETED_DEVICE_FAMILY = "1,2";
				TEST_TARGET_NAME = CoreText;
			};
			name = Debug;
		};
		0FA36AB62110635D00B8DE96 /* Release */ = {
			isa = XCBuildConfiguration;
			buildSettings = {
				CODE_SIGN_STYLE = Automatic;
				INFOPLIST_FILE = CoreTextUITests/Info.plist;
				LD_RUNPATH_SEARCH_PATHS = (
					"$(inherited)",
					"@executable_path/Frameworks",
					"@loader_path/Frameworks",
				);
				PRODUCT_BUNDLE_IDENTIFIER = com.zhangyue.zwd.test1.CoreTextUITests;
				PRODUCT_NAME = "$(TARGET_NAME)";
				TARGETED_DEVICE_FAMILY = "1,2";
				TEST_TARGET_NAME = CoreText;
			};
			name = Release;
		};
/* End XCBuildConfiguration section */

/* Begin XCConfigurationList section */
		0FA36A7D2110635C00B8DE96 /* Build configuration list for PBXProject "CoreText" */ = {
			isa = XCConfigurationList;
			buildConfigurations = (
				0FA36AAC2110635D00B8DE96 /* Debug */,
				0FA36AAD2110635D00B8DE96 /* Release */,
			);
			defaultConfigurationIsVisible = 0;
			defaultConfigurationName = Release;
		};
		0FA36AAE2110635D00B8DE96 /* Build configuration list for PBXNativeTarget "CoreText" */ = {
			isa = XCConfigurationList;
			buildConfigurations = (
				0FA36AAF2110635D00B8DE96 /* Debug */,
				0FA36AB02110635D00B8DE96 /* Release */,
			);
			defaultConfigurationIsVisible = 0;
			defaultConfigurationName = Release;
		};
		0FA36AB12110635D00B8DE96 /* Build configuration list for PBXNativeTarget "CoreTextTests" */ = {
			isa = XCConfigurationList;
			buildConfigurations = (
				0FA36AB22110635D00B8DE96 /* Debug */,
				0FA36AB32110635D00B8DE96 /* Release */,
			);
			defaultConfigurationIsVisible = 0;
			defaultConfigurationName = Release;
		};
		0FA36AB42110635D00B8DE96 /* Build configuration list for PBXNativeTarget "CoreTextUITests" */ = {
			isa = XCConfigurationList;
			buildConfigurations = (
				0FA36AB52110635D00B8DE96 /* Debug */,
				0FA36AB62110635D00B8DE96 /* Release */,
			);
			defaultConfigurationIsVisible = 0;
			defaultConfigurationName = Release;
		};
/* End XCConfigurationList section */
	};
	rootObject = 0FA36A7A2110635C00B8DE96 /* Project object */;
}
